// !$*UTF8*$!
{
	archiveVersion = 1;
	classes = {
	};
	objectVersion = 50;
	objects = {

/* Begin PBXBuildFile section */
		FDB5E22B260BD03A00A14C46 /* AppDelegate.swift in Sources */ = {isa = PBXBuildFile; fileRef = FDB5E22A260BD03A00A14C46 /* AppDelegate.swift */; };
		FDB5E22D260BD03A00A14C46 /* SceneDelegate.swift in Sources */ = {isa = PBXBuildFile; fileRef = FDB5E22C260BD03A00A14C46 /* SceneDelegate.swift */; };
		FDB5E22F260BD03A00A14C46 /* ViewController.swift in Sources */ = {isa = PBXBuildFile; fileRef = FDB5E22E260BD03A00A14C46 /* ViewController.swift */; };
		FDB5E232260BD03A00A14C46 /* Main.storyboard in Resources */ = {isa = PBXBuildFile; fileRef = FDB5E230260BD03A00A14C46 /* Main.storyboard */; };
		FDB5E234260BD03D00A14C46 /* Assets.xcassets in Resources */ = {isa = PBXBuildFile; fileRef = FDB5E233260BD03D00A14C46 /* Assets.xcassets */; };
		FDB5E237260BD03D00A14C46 /* LaunchScreen.storyboard in Resources */ = {isa = PBXBuildFile; fileRef = FDB5E235260BD03D00A14C46 /* LaunchScreen.storyboard */; };
		FDB5E240260BD07800A14C46 /* BurnImageOnPdf.swift in Sources */ = {isa = PBXBuildFile; fileRef = FDB5E23F260BD07800A14C46 /* BurnImageOnPdf.swift */; };
		FDB5E244260BD21C00A14C46 /* sample.pdf in Resources */ = {isa = PBXBuildFile; fileRef = FDB5E243260BD21C00A14C46 /* sample.pdf */; };
/* End PBXBuildFile section */

/* Begin PBXFileReference section */
		FDB5E227260BD03A00A14C46 /* BurnImageToPDF.app */ = {isa = PBXFileReference; explicitFileType = wrapper.application; includeInIndex = 0; path = BurnImageToPDF.app; sourceTree = BUILT_PRODUCTS_DIR; };
		FDB5E22A260BD03A00A14C46 /* AppDelegate.swift */ = {isa = PBXFileReference; lastKnownFileType = sourcecode.swift; path = AppDelegate.swift; sourceTree = "<group>"; };
		FDB5E22C260BD03A00A14C46 /* SceneDelegate.swift */ = {isa = PBXFileReference; lastKnownFileType = sourcecode.swift; path = SceneDelegate.swift; sourceTree = "<group>"; };
		FDB5E22E260BD03A00A14C46 /* ViewController.swift */ = {isa = PBXFileReference; lastKnownFileType = sourcecode.swift; path = ViewController.swift; sourceTree = "<group>"; };
		FDB5E231260BD03A00A14C46 /* Base */ = {isa = PBXFileReference; lastKnownFileType = file.storyboard; name = Base; path = Base.lproj/Main.storyboard; sourceTree = "<group>"; };
		FDB5E233260BD03D00A14C46 /* Assets.xcassets */ = {isa = PBXFileReference; lastKnownFileType = folder.assetcatalog; path = Assets.xcassets; sourceTree = "<group>"; };
		FDB5E236260BD03D00A14C46 /* Base */ = {isa = PBXFileReference; lastKnownFileType = file.storyboard; name = Base; path = Base.lproj/LaunchScreen.storyboard; sourceTree = "<group>"; };
		FDB5E238260BD03D00A14C46 /* Info.plist */ = {isa = PBXFileReference; lastKnownFileType = text.plist.xml; path = Info.plist; sourceTree = "<group>"; };
		FDB5E23F260BD07800A14C46 /* BurnImageOnPdf.swift */ = {isa = PBXFileReference; fileEncoding = 4; lastKnownFileType = sourcecode.swift; path = BurnImageOnPdf.swift; sourceTree = "<group>"; };
		FDB5E243260BD21C00A14C46 /* sample.pdf */ = {isa = PBXFileReference; lastKnownFileType = image.pdf; path = sample.pdf; sourceTree = "<group>"; };
/* End PBXFileReference section */

/* Begin PBXFrameworksBuildPhase section */
		FDB5E224260BD03A00A14C46 /* Frameworks */ = {
			isa = PBXFrameworksBuildPhase;
			buildActionMask = 2147483647;
			files = (
			);
			runOnlyForDeploymentPostprocessing = 0;
		};
/* End PBXFrameworksBuildPhase section */

/* Begin PBXGroup section */
		FDB5E21E260BD03A00A14C46 = {
			isa = PBXGroup;
			children = (
				FDB5E229260BD03A00A14C46 /* BurnImageToPDF */,
				FDB5E228260BD03A00A14C46 /* Products */,
			);
			sourceTree = "<group>";
		};
		FDB5E228260BD03A00A14C46 /* Products */ = {
			isa = PBXGroup;
			children = (
				FDB5E227260BD03A00A14C46 /* BurnImageToPDF.app */,
			);
			name = Products;
			sourceTree = "<group>";
		};
		FDB5E229260BD03A00A14C46 /* BurnImageToPDF */ = {
			isa = PBXGroup;
			children = (
				FDB5E23F260BD07800A14C46 /* BurnImageOnPdf.swift */,
				FDB5E22A260BD03A00A14C46 /* AppDelegate.swift */,
				FDB5E22C260BD03A00A14C46 /* SceneDelegate.swift */,
				FDB5E22E260BD03A00A14C46 /* ViewController.swift */,
				FDB5E243260BD21C00A14C46 /* sample.pdf */,
				FDB5E230260BD03A00A14C46 /* Main.storyboard */,
				FDB5E233260BD03D00A14C46 /* Assets.xcassets */,
				FDB5E235260BD03D00A14C46 /* LaunchScreen.storyboard */,
				FDB5E238260BD03D00A14C46 /* Info.plist */,
			);
			path = BurnImageToPDF;
			sourceTree = "<group>";
		};
/* End PBXGroup section */

/* Begin PBXNativeTarget section */
		FDB5E226260BD03A00A14C46 /* BurnImageToPDF */ = {
			isa = PBXNativeTarget;
			buildConfigurationList = FDB5E23B260BD03D00A14C46 /* Build configuration list for PBXNativeTarget "BurnImageToPDF" */;
			buildPhases = (
				FDB5E223260BD03A00A14C46 /* Sources */,
				FDB5E224260BD03A00A14C46 /* Frameworks */,
				FDB5E225260BD03A00A14C46 /* Resources */,
			);
			buildRules = (
			);
			dependencies = (
			);
			name = BurnImageToPDF;
			productName = BurnImageToPDF;
			productReference = FDB5E227260BD03A00A14C46 /* BurnImageToPDF.app */;
			productType = "com.apple.product-type.application";
		};
/* End PBXNativeTarget section */

/* Begin PBXProject section */
		FDB5E21F260BD03A00A14C46 /* Project object */ = {
			isa = PBXProject;
			attributes = {
				LastSwiftUpdateCheck = 1240;
				LastUpgradeCheck = 1240;
				TargetAttributes = {
					FDB5E226260BD03A00A14C46 = {
						CreatedOnToolsVersion = 12.4;
					};
				};
			};
			buildConfigurationList = FDB5E222260BD03A00A14C46 /* Build configuration list for PBXProject "BurnImageToPDF" */;
			compatibilityVersion = "Xcode 9.3";
			developmentRegion = en;
			hasScannedForEncodings = 0;
			knownRegions = (
				en,
				Base,
			);
			mainGroup = FDB5E21E260BD03A00A14C46;
			productRefGroup = FDB5E228260BD03A00A14C46 /* Products */;
			projectDirPath = "";
			projectRoot = "";
			targets = (
				FDB5E226260BD03A00A14C46 /* BurnImageToPDF */,
			);
		};
/* End PBXProject section */

/* Begin PBXResourcesBuildPhase section */
		FDB5E225260BD03A00A14C46 /* Resources */ = {
			isa = PBXResourcesBuildPhase;
			buildActionMask = 2147483647;
			files = (
				FDB5E244260BD21C00A14C46 /* sample.pdf in Resources */,
				FDB5E237260BD03D00A14C46 /* LaunchScreen.storyboard in Resources */,
				FDB5E234260BD03D00A14C46 /* Assets.xcassets in Resources */,
				FDB5E232260BD03A00A14C46 /* Main.storyboard in Resources */,
			);
			runOnlyForDeploymentPostprocessing = 0;
		};
/* End PBXResourcesBuildPhase section */

/* Begin PBXSourcesBuildPhase section */
		FDB5E223260BD03A00A14C46 /* Sources */ = {
			isa = PBXSourcesBuildPhase;
			buildActionMask = 2147483647;
			files = (
				FDB5E22F260BD03A00A14C46 /* ViewController.swift in Sources */,
				FDB5E240260BD07800A14C46 /* BurnImageOnPdf.swift in Sources */,
				FDB5E22B260BD03A00A14C46 /* AppDelegate.swift in Sources */,
				FDB5E22D260BD03A00A14C46 /* SceneDelegate.swift in Sources */,
			);
			runOnlyForDeploymentPostprocessing = 0;
		};
/* End PBXSourcesBuildPhase section */

/* Begin PBXVariantGroup section */
		FDB5E230260BD03A00A14C46 /* Main.storyboard */ = {
			isa = PBXVariantGroup;
			children = (
				FDB5E231260BD03A00A14C46 /* Base */,
			);
			name = Main.storyboard;
			sourceTree = "<group>";
		};
		FDB5E235260BD03D00A14C46 /* LaunchScreen.storyboard */ = {
			isa = PBXVariantGroup;
			children = (
				FDB5E236260BD03D00A14C46 /* Base */,
			);
			name = LaunchScreen.storyboard;
			sourceTree = "<group>";
		};
/* End PBXVariantGroup section */

/* Begin XCBuildConfiguration section */
		FDB5E239260BD03D00A14C46 /* Debug */ = {
			isa = XCBuildConfiguration;
			buildSettings = {
				ALWAYS_SEARCH_USER_PATHS = NO;
				CLANG_ANALYZER_NONNULL = YES;
				CLANG_ANALYZER_NUMBER_OBJECT_CONVERSION = YES_AGGRESSIVE;
				CLANG_CXX_LANGUAGE_STANDARD = "gnu++14";
				CLANG_CXX_LIBRARY = "libc++";
				CLANG_ENABLE_MODULES = YES;
				CLANG_ENABLE_OBJC_ARC = YES;
				CLANG_ENABLE_OBJC_WEAK = YES;
				CLANG_WARN_BLOCK_CAPTURE_AUTORELEASING = YES;
				CLANG_WARN_BOOL_CONVERSION = YES;
				CLANG_WARN_COMMA = YES;
				CLANG_WARN_CONSTANT_CONVERSION = YES;
				CLANG_WARN_DEPRECATED_OBJC_IMPLEMENTATIONS = YES;
				CLANG_WARN_DIRECT_OBJC_ISA_USAGE = YES_ERROR;
				CLANG_WARN_DOCUMENTATION_COMMENTS = YES;
				CLANG_WARN_EMPTY_BODY = YES;
				CLANG_WARN_ENUM_CONVERSION = YES;
				CLANG_WARN_INFINITE_RECURSION = YES;
				CLANG_WARN_INT_CONVERSION = YES;
				CLANG_WARN_NON_LITERAL_NULL_CONVERSION = YES;
				CLANG_WARN_OBJC_IMPLICIT_RETAIN_SELF = YES;
				CLANG_WARN_OBJC_LITERAL_CONVERSION = YES;
				CLANG_WARN_OBJC_ROOT_CLASS = YES_ERROR;
				CLANG_WARN_QUOTED_INCLUDE_IN_FRAMEWORK_HEADER = YES;
				CLANG_WARN_RANGE_LOOP_ANALYSIS = YES;
				CLANG_WARN_STRICT_PROTOTYPES = YES;
				CLANG_WARN_SUSPICIOUS_MOVE = YES;
				CLANG_WARN_UNGUARDED_AVAILABILITY = YES_AGGRESSIVE;
				CLANG_WARN_UNREACHABLE_CODE = YES;
				CLANG_WARN__DUPLICATE_METHOD_MATCH = YES;
				COPY_PHASE_STRIP = NO;
				DEBUG_INFORMATION_FORMAT = dwarf;
				ENABLE_STRICT_OBJC_MSGSEND = YES;
				ENABLE_TESTABILITY = YES;
				GCC_C_LANGUAGE_STANDARD = gnu11;
				GCC_DYNAMIC_NO_PIC = NO;
				GCC_NO_COMMON_BLOCKS = YES;
				GCC_OPTIMIZATION_LEVEL = 0;
				GCC_PREPROCESSOR_DEFINITIONS = (
					"DEBUG=1",
					"$(inherited)",
				);
				GCC_WARN_64_TO_32_BIT_CONVERSION = YES;
				GCC_WARN_ABOUT_RETURN_TYPE = YES_ERROR;
				GCC_WARN_UNDECLARED_SELECTOR = YES;
				GCC_WARN_UNINITIALIZED_AUTOS = YES_AGGRESSIVE;
				GCC_WARN_UNUSED_FUNCTION = YES;
				GCC_WARN_UNUSED_VARIABLE = YES;
				IPHONEOS_DEPLOYMENT_TARGET = 14.4;
				MTL_ENABLE_DEBUG_INFO = INCLUDE_SOURCE;
				MTL_FAST_MATH = YES;
				ONLY_ACTIVE_ARCH = YES;
				SDKROOT = iphoneos;
				SWIFT_ACTIVE_COMPILATION_CONDITIONS = DEBUG;
				SWIFT_OPTIMIZATION_LEVEL = "-Onone";
			};
			name = Debug;
		};
		FDB5E23A260BD03D00A14C46 /* Release */ = {
			isa = XCBuildConfiguration;
			buildSettings = {
				ALWAYS_SEARCH_USER_PATHS = NO;
				CLANG_ANALYZER_NONNULL = YES;
				CLANG_ANALYZER_NUMBER_OBJECT_CONVERSION = YES_AGGRESSIVE;
				CLANG_CXX_LANGUAGE_STANDARD = "gnu++14";
				CLANG_CXX_LIBRARY = "libc++";
				CLANG_ENABLE_MODULES = YES;
				CLANG_ENABLE_OBJC_ARC = YES;
				CLANG_ENABLE_OBJC_WEAK = YES;
				CLANG_WARN_BLOCK_CAPTURE_AUTORELEASING = YES;
				CLANG_WARN_BOOL_CONVERSION = YES;
				CLANG_WARN_COMMA = YES;
				CLANG_WARN_CONSTANT_CONVERSION = YES;
				CLANG_WARN_DEPRECATED_OBJC_IMPLEMENTATIONS = YES;
				CLANG_WARN_DIRECT_OBJC_ISA_USAGE = YES_ERROR;
				CLANG_WARN_DOCUMENTATION_COMMENTS = YES;
				CLANG_WARN_EMPTY_BODY = YES;
				CLANG_WARN_ENUM_CONVERSION = YES;
				CLANG_WARN_INFINITE_RECURSION = YES;
				CLANG_WARN_INT_CONVERSION = YES;
				CLANG_WARN_NON_LITERAL_NULL_CONVERSION = YES;
				CLANG_WARN_OBJC_IMPLICIT_RETAIN_SELF = YES;
				CLANG_WARN_OBJC_LITERAL_CONVERSION = YES;
				CLANG_WARN_OBJC_ROOT_CLASS = YES_ERROR;
				CLANG_WARN_QUOTED_INCLUDE_IN_FRAMEWORK_HEADER = YES;
				CLANG_WARN_RANGE_LOOP_ANALYSIS = YES;
				CLANG_WARN_STRICT_PROTOTYPES = YES;
				CLANG_WARN_SUSPICIOUS_MOVE = YES;
				CLANG_WARN_UNGUARDED_AVAILABILITY = YES_AGGRESSIVE;
				CLANG_WARN_UNREACHABLE_CODE = YES;
				CLANG_WARN__DUPLICATE_METHOD_MATCH = YES;
				COPY_PHASE_STRIP = NO;
				DEBUG_INFORMATION_FORMAT = "dwarf-with-dsym";
				ENABLE_NS_ASSERTIONS = NO;
				ENABLE_STRICT_OBJC_MSGSEND = YES;
				GCC_C_LANGUAGE_STANDARD = gnu11;
				GCC_NO_COMMON_BLOCKS = YES;
				GCC_WARN_64_TO_32_BIT_CONVERSION = YES;
				GCC_WARN_ABOUT_RETURN_TYPE = YES_ERROR;
				GCC_WARN_UNDECLARED_SELECTOR = YES;
				GCC_WARN_UNINITIALIZED_AUTOS = YES_AGGRESSIVE;
				GCC_WARN_UNUSED_FUNCTION = YES;
				GCC_WARN_UNUSED_VARIABLE = YES;
				IPHONEOS_DEPLOYMENT_TARGET = 14.4;
				MTL_ENABLE_DEBUG_INFO = NO;
				MTL_FAST_MATH = YES;
				SDKROOT = iphoneos;
				SWIFT_COMPILATION_MODE = wholemodule;
				SWIFT_OPTIMIZATION_LEVEL = "-O";
				VALIDATE_PRODUCT = YES;
			};
			name = Release;
		};
		FDB5E23C260BD03D00A14C46 /* Debug */ = {
			isa = XCBuildConfiguration;
			buildSettings = {
				ASSETCATALOG_COMPILER_APPICON_NAME = AppIcon;
				ASSETCATALOG_COMPILER_GLOBAL_ACCENT_COLOR_NAME = AccentColor;
				CODE_SIGN_STYLE = Automatic;
				DEVELOPMENT_TEAM = CP92CMD5E4;
				INFOPLIST_FILE = BurnImageToPDF/Info.plist;
				LD_RUNPATH_SEARCH_PATHS = (
					"$(inherited)",
					"@executable_path/Frameworks",
				);
				PRODUCT_BUNDLE_IDENTIFIER = com.basil.BurnImageToPDF;
				PRODUCT_NAME = "$(TARGET_NAME)";
				SWIFT_VERSION = 5.0;
				TARGETED_DEVICE_FAMILY = "1,2";
			};
			name = Debug;
		};
		FDB5E23D260BD03D00A14C46 /* Release */ = {
			isa = XCBuildConfiguration;
			buildSettings = {
				ASSETCATALOG_COMPILER_APPICON_NAME = AppIcon;
				ASSETCATALOG_COMPILER_GLOBAL_ACCENT_COLOR_NAME = AccentColor;
				CODE_SIGN_STYLE = Automatic;
				DEVELOPMENT_TEAM = CP92CMD5E4;
				INFOPLIST_FILE = BurnImageToPDF/Info.plist;
				LD_RUNPATH_SEARCH_PATHS = (
					"$(inherited)",
					"@executable_path/Frameworks",
				);
				PRODUCT_BUNDLE_IDENTIFIER = com.basil.BurnImageToPDF;
				PRODUCT_NAME = "$(TARGET_NAME)";
				SWIFT_VERSION = 5.0;
				TARGETED_DEVICE_FAMILY = "1,2";
			};
			name = Release;
		};
/* End XCBuildConfiguration section */

/* Begin XCConfigurationList section */
		FDB5E222260BD03A00A14C46 /* Build configuration list for PBXProject "BurnImageToPDF" */ = {
			isa = XCConfigurationList;
			buildConfigurations = (
				FDB5E239260BD03D00A14C46 /* Debug */,
				FDB5E23A260BD03D00A14C46 /* Release */,
			);
			defaultConfigurationIsVisible = 0;
			defaultConfigurationName = Release;
		};
		FDB5E23B260BD03D00A14C46 /* Build configuration list for PBXNativeTarget "BurnImageToPDF" */ = {
			isa = XCConfigurationList;
			buildConfigurations = (
				FDB5E23C260BD03D00A14C46 /* Debug */,
				FDB5E23D260BD03D00A14C46 /* Release */,
			);
			defaultConfigurationIsVisible = 0;
			defaultConfigurationName = Release;
		};
/* End XCConfigurationList section */
	};
	rootObject = FDB5E21F260BD03A00A14C46 /* Project object */;
}
