// !$*UTF8*$!
{
	archiveVersion = 1;
	classes = {
	};
	objectVersion = 50;
	objects = {

/* Begin PBXBuildFile section */
		C11C16A926DC9D8600C69E40 /* AppDelegate.swift in Sources */ = {isa = PBXBuildFile; fileRef = C11C16A826DC9D8600C69E40 /* AppDelegate.swift */; };
		C11C16AB26DC9D8600C69E40 /* SceneDelegate.swift in Sources */ = {isa = PBXBuildFile; fileRef = C11C16AA26DC9D8600C69E40 /* SceneDelegate.swift */; };
		C11C16AD26DC9D8600C69E40 /* ViewController.swift in Sources */ = {isa = PBXBuildFile; fileRef = C11C16AC26DC9D8600C69E40 /* ViewController.swift */; };
		C11C16B026DC9D8600C69E40 /* Main.storyboard in Resources */ = {isa = PBXBuildFile; fileRef = C11C16AE26DC9D8600C69E40 /* Main.storyboard */; };
		C11C16B226DC9D8900C69E40 /* Assets.xcassets in Resources */ = {isa = PBXBuildFile; fileRef = C11C16B126DC9D8900C69E40 /* Assets.xcassets */; };
		C11C16B526DC9D8900C69E40 /* LaunchScreen.storyboard in Resources */ = {isa = PBXBuildFile; fileRef = C11C16B326DC9D8900C69E40 /* LaunchScreen.storyboard */; };
/* End PBXBuildFile section */

/* Begin PBXFileReference section */
		C11C16A526DC9D8600C69E40 /* PDF_Donwload-Share-SaveToFiles.app */ = {isa = PBXFileReference; explicitFileType = wrapper.application; includeInIndex = 0; path = "PDF_Donwload-Share-SaveToFiles.app"; sourceTree = BUILT_PRODUCTS_DIR; };
		C11C16A826DC9D8600C69E40 /* AppDelegate.swift */ = {isa = PBXFileReference; lastKnownFileType = sourcecode.swift; path = AppDelegate.swift; sourceTree = "<group>"; };
		C11C16AA26DC9D8600C69E40 /* SceneDelegate.swift */ = {isa = PBXFileReference; lastKnownFileType = sourcecode.swift; path = SceneDelegate.swift; sourceTree = "<group>"; };
		C11C16AC26DC9D8600C69E40 /* ViewController.swift */ = {isa = PBXFileReference; lastKnownFileType = sourcecode.swift; path = ViewController.swift; sourceTree = "<group>"; };
		C11C16AF26DC9D8600C69E40 /* Base */ = {isa = PBXFileReference; lastKnownFileType = file.storyboard; name = Base; path = Base.lproj/Main.storyboard; sourceTree = "<group>"; };
		C11C16B126DC9D8900C69E40 /* Assets.xcassets */ = {isa = PBXFileReference; lastKnownFileType = folder.assetcatalog; path = Assets.xcassets; sourceTree = "<group>"; };
		C11C16B426DC9D8900C69E40 /* Base */ = {isa = PBXFileReference; lastKnownFileType = file.storyboard; name = Base; path = Base.lproj/LaunchScreen.storyboard; sourceTree = "<group>"; };
		C11C16B626DC9D8900C69E40 /* Info.plist */ = {isa = PBXFileReference; lastKnownFileType = text.plist.xml; path = Info.plist; sourceTree = "<group>"; };
/* End PBXFileReference section */

/* Begin PBXFrameworksBuildPhase section */
		C11C16A226DC9D8600C69E40 /* Frameworks */ = {
			isa = PBXFrameworksBuildPhase;
			buildActionMask = 2147483647;
			files = (
			);
			runOnlyForDeploymentPostprocessing = 0;
		};
/* End PBXFrameworksBuildPhase section */

/* Begin PBXGroup section */
		C11C169C26DC9D8600C69E40 = {
			isa = PBXGroup;
			children = (
				C11C16A726DC9D8600C69E40 /* PDF_Donwload-Share-SaveToFiles */,
				C11C16A626DC9D8600C69E40 /* Products */,
			);
			sourceTree = "<group>";
		};
		C11C16A626DC9D8600C69E40 /* Products */ = {
			isa = PBXGroup;
			children = (
				C11C16A526DC9D8600C69E40 /* PDF_Donwload-Share-SaveToFiles.app */,
			);
			name = Products;
			sourceTree = "<group>";
		};
		C11C16A726DC9D8600C69E40 /* PDF_Donwload-Share-SaveToFiles */ = {
			isa = PBXGroup;
			children = (
				C11C16A826DC9D8600C69E40 /* AppDelegate.swift */,
				C11C16AA26DC9D8600C69E40 /* SceneDelegate.swift */,
				C11C16AC26DC9D8600C69E40 /* ViewController.swift */,
				C11C16AE26DC9D8600C69E40 /* Main.storyboard */,
				C11C16B126DC9D8900C69E40 /* Assets.xcassets */,
				C11C16B326DC9D8900C69E40 /* LaunchScreen.storyboard */,
				C11C16B626DC9D8900C69E40 /* Info.plist */,
			);
			path = "PDF_Donwload-Share-SaveToFiles";
			sourceTree = "<group>";
		};
/* End PBXGroup section */

/* Begin PBXNativeTarget section */
		C11C16A426DC9D8600C69E40 /* PDF_Donwload-Share-SaveToFiles */ = {
			isa = PBXNativeTarget;
			buildConfigurationList = C11C16B926DC9D8900C69E40 /* Build configuration list for PBXNativeTarget "PDF_Donwload-Share-SaveToFiles" */;
			buildPhases = (
				C11C16A126DC9D8600C69E40 /* Sources */,
				C11C16A226DC9D8600C69E40 /* Frameworks */,
				C11C16A326DC9D8600C69E40 /* Resources */,
			);
			buildRules = (
			);
			dependencies = (
			);
			name = "PDF_Donwload-Share-SaveToFiles";
			productName = "PDF_Donwload-Share-SaveToFiles";
			productReference = C11C16A526DC9D8600C69E40 /* PDF_Donwload-Share-SaveToFiles.app */;
			productType = "com.apple.product-type.application";
		};
/* End PBXNativeTarget section */

/* Begin PBXProject section */
		C11C169D26DC9D8600C69E40 /* Project object */ = {
			isa = PBXProject;
			attributes = {
				LastSwiftUpdateCheck = 1240;
				LastUpgradeCheck = 1240;
				TargetAttributes = {
					C11C16A426DC9D8600C69E40 = {
						CreatedOnToolsVersion = 12.4;
					};
				};
			};
			buildConfigurationList = C11C16A026DC9D8600C69E40 /* Build configuration list for PBXProject "PDF_Donwload-Share-SaveToFiles" */;
			compatibilityVersion = "Xcode 9.3";
			developmentRegion = en;
			hasScannedForEncodings = 0;
			knownRegions = (
				en,
				Base,
			);
			mainGroup = C11C169C26DC9D8600C69E40;
			productRefGroup = C11C16A626DC9D8600C69E40 /* Products */;
			projectDirPath = "";
			projectRoot = "";
			targets = (
				C11C16A426DC9D8600C69E40 /* PDF_Donwload-Share-SaveToFiles */,
			);
		};
/* End PBXProject section */

/* Begin PBXResourcesBuildPhase section */
		C11C16A326DC9D8600C69E40 /* Resources */ = {
			isa = PBXResourcesBuildPhase;
			buildActionMask = 2147483647;
			files = (
				C11C16B526DC9D8900C69E40 /* LaunchScreen.storyboard in Resources */,
				C11C16B226DC9D8900C69E40 /* Assets.xcassets in Resources */,
				C11C16B026DC9D8600C69E40 /* Main.storyboard in Resources */,
			);
			runOnlyForDeploymentPostprocessing = 0;
		};
/* End PBXResourcesBuildPhase section */

/* Begin PBXSourcesBuildPhase section */
		C11C16A126DC9D8600C69E40 /* Sources */ = {
			isa = PBXSourcesBuildPhase;
			buildActionMask = 2147483647;
			files = (
				C11C16AD26DC9D8600C69E40 /* ViewController.swift in Sources */,
				C11C16A926DC9D8600C69E40 /* AppDelegate.swift in Sources */,
				C11C16AB26DC9D8600C69E40 /* SceneDelegate.swift in Sources */,
			);
			runOnlyForDeploymentPostprocessing = 0;
		};
/* End PBXSourcesBuildPhase section */

/* Begin PBXVariantGroup section */
		C11C16AE26DC9D8600C69E40 /* Main.storyboard */ = {
			isa = PBXVariantGroup;
			children = (
				C11C16AF26DC9D8600C69E40 /* Base */,
			);
			name = Main.storyboard;
			sourceTree = "<group>";
		};
		C11C16B326DC9D8900C69E40 /* LaunchScreen.storyboard */ = {
			isa = PBXVariantGroup;
			children = (
				C11C16B426DC9D8900C69E40 /* Base */,
			);
			name = LaunchScreen.storyboard;
			sourceTree = "<group>";
		};
/* End PBXVariantGroup section */

/* Begin XCBuildConfiguration section */
		C11C16B726DC9D8900C69E40 /* Debug */ = {
			isa = XCBuildConfiguration;
			buildSettings = {
				ALWAYS_SEARCH_USER_PATHS = NO;
				CLANG_ANALYZER_NONNULL = YES;
				CLANG_ANALYZER_NUMBER_OBJECT_CONVERSION = YES_AGGRESSIVE;
				CLANG_CXX_LANGUAGE_STANDARD = "gnu++14";
				CLANG_CXX_LIBRARY = "libc++";
				CLANG_ENABLE_MODULES = YES;
				CLANG_ENABLE_OBJC_ARC = YES;
				CLANG_ENABLE_OBJC_WEAK = YES;
				CLANG_WARN_BLOCK_CAPTURE_AUTORELEASING = YES;
				CLANG_WARN_BOOL_CONVERSION = YES;
				CLANG_WARN_COMMA = YES;
				CLANG_WARN_CONSTANT_CONVERSION = YES;
				CLANG_WARN_DEPRECATED_OBJC_IMPLEMENTATIONS = YES;
				CLANG_WARN_DIRECT_OBJC_ISA_USAGE = YES_ERROR;
				CLANG_WARN_DOCUMENTATION_COMMENTS = YES;
				CLANG_WARN_EMPTY_BODY = YES;
				CLANG_WARN_ENUM_CONVERSION = YES;
				CLANG_WARN_INFINITE_RECURSION = YES;
				CLANG_WARN_INT_CONVERSION = YES;
				CLANG_WARN_NON_LITERAL_NULL_CONVERSION = YES;
				CLANG_WARN_OBJC_IMPLICIT_RETAIN_SELF = YES;
				CLANG_WARN_OBJC_LITERAL_CONVERSION = YES;
				CLANG_WARN_OBJC_ROOT_CLASS = YES_ERROR;
				CLANG_WARN_QUOTED_INCLUDE_IN_FRAMEWORK_HEADER = YES;
				CLANG_WARN_RANGE_LOOP_ANALYSIS = YES;
				CLANG_WARN_STRICT_PROTOTYPES = YES;
				CLANG_WARN_SUSPICIOUS_MOVE = YES;
				CLANG_WARN_UNGUARDED_AVAILABILITY = YES_AGGRESSIVE;
				CLANG_WARN_UNREACHABLE_CODE = YES;
				CLANG_WARN__DUPLICATE_METHOD_MATCH = YES;
				COPY_PHASE_STRIP = NO;
				DEBUG_INFORMATION_FORMAT = dwarf;
				ENABLE_STRICT_OBJC_MSGSEND = YES;
				ENABLE_TESTABILITY = YES;
				GCC_C_LANGUAGE_STANDARD = gnu11;
				GCC_DYNAMIC_NO_PIC = NO;
				GCC_NO_COMMON_BLOCKS = YES;
				GCC_OPTIMIZATION_LEVEL = 0;
				GCC_PREPROCESSOR_DEFINITIONS = (
					"DEBUG=1",
					"$(inherited)",
				);
				GCC_WARN_64_TO_32_BIT_CONVERSION = YES;
				GCC_WARN_ABOUT_RETURN_TYPE = YES_ERROR;
				GCC_WARN_UNDECLARED_SELECTOR = YES;
				GCC_WARN_UNINITIALIZED_AUTOS = YES_AGGRESSIVE;
				GCC_WARN_UNUSED_FUNCTION = YES;
				GCC_WARN_UNUSED_VARIABLE = YES;
				IPHONEOS_DEPLOYMENT_TARGET = 14.4;
				MTL_ENABLE_DEBUG_INFO = INCLUDE_SOURCE;
				MTL_FAST_MATH = YES;
				ONLY_ACTIVE_ARCH = YES;
				SDKROOT = iphoneos;
				SWIFT_ACTIVE_COMPILATION_CONDITIONS = DEBUG;
				SWIFT_OPTIMIZATION_LEVEL = "-Onone";
			};
			name = Debug;
		};
		C11C16B826DC9D8900C69E40 /* Release */ = {
			isa = XCBuildConfiguration;
			buildSettings = {
				ALWAYS_SEARCH_USER_PATHS = NO;
				CLANG_ANALYZER_NONNULL = YES;
				CLANG_ANALYZER_NUMBER_OBJECT_CONVERSION = YES_AGGRESSIVE;
				CLANG_CXX_LANGUAGE_STANDARD = "gnu++14";
				CLANG_CXX_LIBRARY = "libc++";
				CLANG_ENABLE_MODULES = YES;
				CLANG_ENABLE_OBJC_ARC = YES;
				CLANG_ENABLE_OBJC_WEAK = YES;
				CLANG_WARN_BLOCK_CAPTURE_AUTORELEASING = YES;
				CLANG_WARN_BOOL_CONVERSION = YES;
				CLANG_WARN_COMMA = YES;
				CLANG_WARN_CONSTANT_CONVERSION = YES;
				CLANG_WARN_DEPRECATED_OBJC_IMPLEMENTATIONS = YES;
				CLANG_WARN_DIRECT_OBJC_ISA_USAGE = YES_ERROR;
				CLANG_WARN_DOCUMENTATION_COMMENTS = YES;
				CLANG_WARN_EMPTY_BODY = YES;
				CLANG_WARN_ENUM_CONVERSION = YES;
				CLANG_WARN_INFINITE_RECURSION = YES;
				CLANG_WARN_INT_CONVERSION = YES;
				CLANG_WARN_NON_LITERAL_NULL_CONVERSION = YES;
				CLANG_WARN_OBJC_IMPLICIT_RETAIN_SELF = YES;
				CLANG_WARN_OBJC_LITERAL_CONVERSION = YES;
				CLANG_WARN_OBJC_ROOT_CLASS = YES_ERROR;
				CLANG_WARN_QUOTED_INCLUDE_IN_FRAMEWORK_HEADER = YES;
				CLANG_WARN_RANGE_LOOP_ANALYSIS = YES;
				CLANG_WARN_STRICT_PROTOTYPES = YES;
				CLANG_WARN_SUSPICIOUS_MOVE = YES;
				CLANG_WARN_UNGUARDED_AVAILABILITY = YES_AGGRESSIVE;
				CLANG_WARN_UNREACHABLE_CODE = YES;
				CLANG_WARN__DUPLICATE_METHOD_MATCH = YES;
				COPY_PHASE_STRIP = NO;
				DEBUG_INFORMATION_FORMAT = "dwarf-with-dsym";
				ENABLE_NS_ASSERTIONS = NO;
				ENABLE_STRICT_OBJC_MSGSEND = YES;
				GCC_C_LANGUAGE_STANDARD = gnu11;
				GCC_NO_COMMON_BLOCKS = YES;
				GCC_WARN_64_TO_32_BIT_CONVERSION = YES;
				GCC_WARN_ABOUT_RETURN_TYPE = YES_ERROR;
				GCC_WARN_UNDECLARED_SELECTOR = YES;
				GCC_WARN_UNINITIALIZED_AUTOS = YES_AGGRESSIVE;
				GCC_WARN_UNUSED_FUNCTION = YES;
				GCC_WARN_UNUSED_VARIABLE = YES;
				IPHONEOS_DEPLOYMENT_TARGET = 14.4;
				MTL_ENABLE_DEBUG_INFO = NO;
				MTL_FAST_MATH = YES;
				SDKROOT = iphoneos;
				SWIFT_COMPILATION_MODE = wholemodule;
				SWIFT_OPTIMIZATION_LEVEL = "-O";
				VALIDATE_PRODUCT = YES;
			};
			name = Release;
		};
		C11C16BA26DC9D8900C69E40 /* Debug */ = {
			isa = XCBuildConfiguration;
			buildSettings = {
				ASSETCATALOG_COMPILER_APPICON_NAME = AppIcon;
				ASSETCATALOG_COMPILER_GLOBAL_ACCENT_COLOR_NAME = AccentColor;
				CODE_SIGN_STYLE = Automatic;
				DEVELOPMENT_TEAM = LR4QG85CZD;
				INFOPLIST_FILE = "PDF_Donwload-Share-SaveToFiles/Info.plist";
				LD_RUNPATH_SEARCH_PATHS = (
					"$(inherited)",
					"@executable_path/Frameworks",
				);
				PRODUCT_BUNDLE_IDENTIFIER = "mallikarjun.PDF-Donwload-Share-SaveToFiles";
				PRODUCT_NAME = "$(TARGET_NAME)";
				SWIFT_VERSION = 5.0;
				TARGETED_DEVICE_FAMILY = 1;
			};
			name = Debug;
		};
		C11C16BB26DC9D8900C69E40 /* Release */ = {
			isa = XCBuildConfiguration;
			buildSettings = {
				ASSETCATALOG_COMPILER_APPICON_NAME = AppIcon;
				ASSETCATALOG_COMPILER_GLOBAL_ACCENT_COLOR_NAME = AccentColor;
				CODE_SIGN_STYLE = Automatic;
				DEVELOPMENT_TEAM = LR4QG85CZD;
				INFOPLIST_FILE = "PDF_Donwload-Share-SaveToFiles/Info.plist";
				LD_RUNPATH_SEARCH_PATHS = (
					"$(inherited)",
					"@executable_path/Frameworks",
				);
				PRODUCT_BUNDLE_IDENTIFIER = "mallikarjun.PDF-Donwload-Share-SaveToFiles";
				PRODUCT_NAME = "$(TARGET_NAME)";
				SWIFT_VERSION = 5.0;
				TARGETED_DEVICE_FAMILY = 1;
			};
			name = Release;
		};
/* End XCBuildConfiguration section */

/* Begin XCConfigurationList section */
		C11C16A026DC9D8600C69E40 /* Build configuration list for PBXProject "PDF_Donwload-Share-SaveToFiles" */ = {
			isa = XCConfigurationList;
			buildConfigurations = (
				C11C16B726DC9D8900C69E40 /* Debug */,
				C11C16B826DC9D8900C69E40 /* Release */,
			);
			defaultConfigurationIsVisible = 0;
			defaultConfigurationName = Release;
		};
		C11C16B926DC9D8900C69E40 /* Build configuration list for PBXNativeTarget "PDF_Donwload-Share-SaveToFiles" */ = {
			isa = XCConfigurationList;
			buildConfigurations = (
				C11C16BA26DC9D8900C69E40 /* Debug */,
				C11C16BB26DC9D8900C69E40 /* Release */,
			);
			defaultConfigurationIsVisible = 0;
			defaultConfigurationName = Release;
		};
/* End XCConfigurationList section */
	};
	rootObject = C11C169D26DC9D8600C69E40 /* Project object */;
}
